
Microsoft Visual Studio Solution File, Format Version 12.00
# Visual Studio Version 17
VisualStudioVersion = 17.3.32929.385
MinimumVisualStudioVersion = 10.0.40219.1
Project("{FAE04EC0-301F-11D3-BF4B-00C04F79EFBC}") = "NorthwindWebApi", "NorthwindWebApi.csproj", "{035FE798-880D-4EFE-8247-FAD4AD73EE63}"
EndProject
Global
	GlobalSection(SolutionConfigurationPlatforms) = preSolution
		Debug|Any CPU = Debug|Any CPU
		Release|Any CPU = Release|Any CPU
	EndGlobalSection
	GlobalSection(ProjectConfigurationPlatforms) = postSolution
		{035FE798-880D-4EFE-8247-FAD4AD73EE63}.Debug|Any CPU.ActiveCfg = Debug|Any CPU
		{035FE798-880D-4EFE-8247-FAD4AD73EE63}.Debug|Any CPU.Build.0 = Debug|Any CPU
		{035FE798-880D-4EFE-8247-FAD4AD73EE63}.Release|Any CPU.ActiveCfg = Release|Any CPU
		{035FE798-880D-4EFE-8247-FAD4AD73EE63}.Release|Any CPU.Build.0 = Release|Any CPU
	EndGlobalSection
	GlobalSection(SolutionProperties) = preSolution
		HideSolutionNode = FALSE
	EndGlobalSection
	GlobalSection(ExtensibilityGlobals) = postSolution
		SolutionGuid = {43CDF43B-3333-46B2-90CA-66707C7483EE}
	EndGlobalSection
EndGlobal
